
Microsoft Visual Studio Solution File, Format Version 12.00
# Visual Studio Version 17
VisualStudioVersion = 17.5.33516.290
MinimumVisualStudioVersion = 10.0.40219.1
Project("{9A19103F-16F7-4668-BE54-9A1E7A4F7556}") = "Xem.Api", "Xem.Api\Xem.Api.csproj", "{85668A3C-0452-4637-BD4D-9257B37F384F}"
EndProject
Project("{9A19103F-16F7-4668-BE54-9A1E7A4F7556}") = "Xem.Api.Tests", "Xem.Api.Test.Unit\Xem.Api.Tests.csproj", "{5B058025-3026-4550-9EF8-9723DE2CA18F}"
EndProject
Project("{2150E333-8FDC-42A3-9474-1A3956D46DE8}") = "source", "source", "{2267D456-BB7E-4881-8E4B-1ED794B9A62C}"
EndProject
Project("{2150E333-8FDC-42A3-9474-1A3956D46DE8}") = "test", "test", "{14848C34-B926-4448-B1AE-08BF8781C761}"
EndProject
Project("{9A19103F-16F7-4668-BE54-9A1E7A4F7556}") = "Xem.Api.IntegrationTests", "Xem.Api.Test.Integration\Xem.Api.IntegrationTests.csproj", "{E88A9812-5C4A-4ED5-8AFF-342167D0A99B}"
EndProject
Global
	GlobalSection(SolutionConfigurationPlatforms) = preSolution
		Debug|Any CPU = Debug|Any CPU
		Release|Any CPU = Release|Any CPU
	EndGlobalSection
	GlobalSection(ProjectConfigurationPlatforms) = postSolution
		{85668A3C-0452-4637-BD4D-9257B37F384F}.Debug|Any CPU.ActiveCfg = Debug|Any CPU
		{85668A3C-0452-4637-BD4D-9257B37F384F}.Debug|Any CPU.Build.0 = Debug|Any CPU
		{85668A3C-0452-4637-BD4D-9257B37F384F}.Release|Any CPU.ActiveCfg = Release|Any CPU
		{85668A3C-0452-4637-BD4D-9257B37F384F}.Release|Any CPU.Build.0 = Release|Any CPU
		{5B058025-3026-4550-9EF8-9723DE2CA18F}.Debug|Any CPU.ActiveCfg = Debug|Any CPU
		{5B058025-3026-4550-9EF8-9723DE2CA18F}.Debug|Any CPU.Build.0 = Debug|Any CPU
		{5B058025-3026-4550-9EF8-9723DE2CA18F}.Release|Any CPU.ActiveCfg = Release|Any CPU
		{5B058025-3026-4550-9EF8-9723DE2CA18F}.Release|Any CPU.Build.0 = Release|Any CPU
		{E88A9812-5C4A-4ED5-8AFF-342167D0A99B}.Debug|Any CPU.ActiveCfg = Debug|Any CPU
		{E88A9812-5C4A-4ED5-8AFF-342167D0A99B}.Debug|Any CPU.Build.0 = Debug|Any CPU
		{E88A9812-5C4A-4ED5-8AFF-342167D0A99B}.Release|Any CPU.ActiveCfg = Release|Any CPU
		{E88A9812-5C4A-4ED5-8AFF-342167D0A99B}.Release|Any CPU.Build.0 = Release|Any CPU
	EndGlobalSection
	GlobalSection(SolutionProperties) = preSolution
		HideSolutionNode = FALSE
	EndGlobalSection
	GlobalSection(NestedProjects) = preSolution
		{85668A3C-0452-4637-BD4D-9257B37F384F} = {2267D456-BB7E-4881-8E4B-1ED794B9A62C}
		{5B058025-3026-4550-9EF8-9723DE2CA18F} = {14848C34-B926-4448-B1AE-08BF8781C761}
		{E88A9812-5C4A-4ED5-8AFF-342167D0A99B} = {14848C34-B926-4448-B1AE-08BF8781C761}
	EndGlobalSection
	GlobalSection(ExtensibilityGlobals) = postSolution
		SolutionGuid = {277F49AD-056C-4B83-A39C-C57BFC517DD2}
	EndGlobalSection
EndGlobal
